// !$*UTF8*$!
{
	archiveVersion = 1;
	classes = {
	};
	objectVersion = 46;
	objects = {

/* Begin PBXBuildFile section */
		3E02B1831C1156AB00258127 /* AppDelegate.swift in Sources */ = {isa = PBXBuildFile; fileRef = 3E02B1821C1156AB00258127 /* AppDelegate.swift */; };
		3E02B1851C1156AB00258127 /* ViewController.swift in Sources */ = {isa = PBXBuildFile; fileRef = 3E02B1841C1156AB00258127 /* ViewController.swift */; };
		3E02B1881C1156AB00258127 /* Main.storyboard in Resources */ = {isa = PBXBuildFile; fileRef = 3E02B1861C1156AB00258127 /* Main.storyboard */; };
		3E02B18A1C1156AB00258127 /* Assets.xcassets in Resources */ = {isa = PBXBuildFile; fileRef = 3E02B1891C1156AB00258127 /* Assets.xcassets */; };
		3E02B18D1C1156AB00258127 /* LaunchScreen.storyboard in Resources */ = {isa = PBXBuildFile; fileRef = 3E02B18B1C1156AB00258127 /* LaunchScreen.storyboard */; };
		3E02B1961C1156E000258127 /* Shaders.metal in Sources */ = {isa = PBXBuildFile; fileRef = 3E02B1951C1156E000258127 /* Shaders.metal */; };
		3E02B1991C11576300258127 /* MercurialPaint.swift in Sources */ = {isa = PBXBuildFile; fileRef = 3E02B1981C11576300258127 /* MercurialPaint.swift */; };
		3E5747F61C14686D0082ABF4 /* screenshot.jpg in Resources */ = {isa = PBXBuildFile; fileRef = 3E5747F51C14686D0082ABF4 /* screenshot.jpg */; };
		3EC593C01C12C10A00A23D8A /* ShadingImageEditor.swift in Sources */ = {isa = PBXBuildFile; fileRef = 3EC593BF1C12C10A00A23D8A /* ShadingImageEditor.swift */; };
		3EC593C21C12C12100A23D8A /* ItemRenderer.swift in Sources */ = {isa = PBXBuildFile; fileRef = 3EC593C11C12C12100A23D8A /* ItemRenderer.swift */; };
		3EC593C41C12C14500A23D8A /* SupportClasses.swift in Sources */ = {isa = PBXBuildFile; fileRef = 3EC593C31C12C14500A23D8A /* SupportClasses.swift */; };
/* End PBXBuildFile section */

/* Begin PBXFileReference section */
		3E02B17F1C1156AB00258127 /* MercurialPaint.app */ = {isa = PBXFileReference; explicitFileType = wrapper.application; includeInIndex = 0; path = MercurialPaint.app; sourceTree = BUILT_PRODUCTS_DIR; };
		3E02B1821C1156AB00258127 /* AppDelegate.swift */ = {isa = PBXFileReference; lastKnownFileType = sourcecode.swift; path = AppDelegate.swift; sourceTree = "<group>"; };
		3E02B1841C1156AB00258127 /* ViewController.swift */ = {isa = PBXFileReference; lastKnownFileType = sourcecode.swift; path = ViewController.swift; sourceTree = "<group>"; };
		3E02B1871C1156AB00258127 /* Base */ = {isa = PBXFileReference; lastKnownFileType = file.storyboard; name = Base; path = Base.lproj/Main.storyboard; sourceTree = "<group>"; };
		3E02B1891C1156AB00258127 /* Assets.xcassets */ = {isa = PBXFileReference; lastKnownFileType = folder.assetcatalog; path = Assets.xcassets; sourceTree = "<group>"; };
		3E02B18C1C1156AB00258127 /* Base */ = {isa = PBXFileReference; lastKnownFileType = file.storyboard; name = Base; path = Base.lproj/LaunchScreen.storyboard; sourceTree = "<group>"; };
		3E02B18E1C1156AB00258127 /* Info.plist */ = {isa = PBXFileReference; lastKnownFileType = text.plist.xml; path = Info.plist; sourceTree = "<group>"; };
		3E02B1951C1156E000258127 /* Shaders.metal */ = {isa = PBXFileReference; fileEncoding = 4; lastKnownFileType = sourcecode.metal; name = Shaders.metal; path = shaders/Shaders.metal; sourceTree = "<group>"; };
		3E02B1981C11576300258127 /* MercurialPaint.swift */ = {isa = PBXFileReference; fileEncoding = 4; lastKnownFileType = sourcecode.swift; name = MercurialPaint.swift; path = components/MercurialPaint.swift; sourceTree = "<group>"; };
		3E5747F51C14686D0082ABF4 /* screenshot.jpg */ = {isa = PBXFileReference; lastKnownFileType = image.jpeg; name = screenshot.jpg; path = MercurialPaint/screenshot.jpg; sourceTree = "<group>"; };
		3EC593BF1C12C10A00A23D8A /* ShadingImageEditor.swift */ = {isa = PBXFileReference; fileEncoding = 4; lastKnownFileType = sourcecode.swift; name = ShadingImageEditor.swift; path = shadingImageEditor/ShadingImageEditor.swift; sourceTree = "<group>"; };
		3EC593C11C12C12100A23D8A /* ItemRenderer.swift */ = {isa = PBXFileReference; fileEncoding = 4; lastKnownFileType = sourcecode.swift; name = ItemRenderer.swift; path = shadingImageEditor/ItemRenderer.swift; sourceTree = "<group>"; };
		3EC593C31C12C14500A23D8A /* SupportClasses.swift */ = {isa = PBXFileReference; fileEncoding = 4; lastKnownFileType = sourcecode.swift; name = SupportClasses.swift; path = shadingImageEditor/SupportClasses.swift; sourceTree = "<group>"; };
/* End PBXFileReference section */

/* Begin PBXFrameworksBuildPhase section */
		3E02B17C1C1156AB00258127 /* Frameworks */ = {
			isa = PBXFrameworksBuildPhase;
			buildActionMask = 2147483647;
			files = (
			);
			runOnlyForDeploymentPostprocessing = 0;
		};
/* End PBXFrameworksBuildPhase section */

/* Begin PBXGroup section */
		3E02B1761C1156AB00258127 = {
			isa = PBXGroup;
			children = (
				3E5747F51C14686D0082ABF4 /* screenshot.jpg */,
				3E02B1811C1156AB00258127 /* MercurialPaint */,
				3E02B1801C1156AB00258127 /* Products */,
			);
			sourceTree = "<group>";
		};
		3E02B1801C1156AB00258127 /* Products */ = {
			isa = PBXGroup;
			children = (
				3E02B17F1C1156AB00258127 /* MercurialPaint.app */,
			);
			name = Products;
			sourceTree = "<group>";
		};
		3E02B1811C1156AB00258127 /* MercurialPaint */ = {
			isa = PBXGroup;
			children = (
				3EC593BE1C12C0E100A23D8A /* shadingImageEditor */,
				3E02B1971C11573900258127 /* components */,
				3E02B1941C1156C100258127 /* shaders */,
				3E02B1821C1156AB00258127 /* AppDelegate.swift */,
				3E02B1841C1156AB00258127 /* ViewController.swift */,
				3E02B1861C1156AB00258127 /* Main.storyboard */,
				3E02B1891C1156AB00258127 /* Assets.xcassets */,
				3E02B18B1C1156AB00258127 /* LaunchScreen.storyboard */,
				3E02B18E1C1156AB00258127 /* Info.plist */,
			);
			path = MercurialPaint;
			sourceTree = "<group>";
		};
		3E02B1941C1156C100258127 /* shaders */ = {
			isa = PBXGroup;
			children = (
				3E02B1951C1156E000258127 /* Shaders.metal */,
			);
			name = shaders;
			sourceTree = "<group>";
		};
		3E02B1971C11573900258127 /* components */ = {
			isa = PBXGroup;
			children = (
				3E02B1981C11576300258127 /* MercurialPaint.swift */,
			);
			name = components;
			sourceTree = "<group>";
		};
		3EC593BE1C12C0E100A23D8A /* shadingImageEditor */ = {
			isa = PBXGroup;
			children = (
				3EC593BF1C12C10A00A23D8A /* ShadingImageEditor.swift */,
				3EC593C11C12C12100A23D8A /* ItemRenderer.swift */,
				3EC593C31C12C14500A23D8A /* SupportClasses.swift */,
			);
			name = shadingImageEditor;
			sourceTree = "<group>";
		};
/* End PBXGroup section */

/* Begin PBXNativeTarget section */
		3E02B17E1C1156AB00258127 /* MercurialPaint */ = {
			isa = PBXNativeTarget;
			buildConfigurationList = 3E02B1911C1156AB00258127 /* Build configuration list for PBXNativeTarget "MercurialPaint" */;
			buildPhases = (
				3E02B17B1C1156AB00258127 /* Sources */,
				3E02B17C1C1156AB00258127 /* Frameworks */,
				3E02B17D1C1156AB00258127 /* Resources */,
			);
			buildRules = (
			);
			dependencies = (
			);
			name = MercurialPaint;
			productName = MercurialPaint;
			productReference = 3E02B17F1C1156AB00258127 /* MercurialPaint.app */;
			productType = "com.apple.product-type.application";
		};
/* End PBXNativeTarget section */

/* Begin PBXProject section */
		3E02B1771C1156AB00258127 /* Project object */ = {
			isa = PBXProject;
			attributes = {
				LastSwiftUpdateCheck = 0710;
				LastUpgradeCheck = 0710;
				ORGANIZATIONNAME = "Simon Gladman";
				TargetAttributes = {
					3E02B17E1C1156AB00258127 = {
						CreatedOnToolsVersion = 7.1.1;
					};
				};
			};
			buildConfigurationList = 3E02B17A1C1156AB00258127 /* Build configuration list for PBXProject "MercurialPaint" */;
			compatibilityVersion = "Xcode 3.2";
			developmentRegion = English;
			hasScannedForEncodings = 0;
			knownRegions = (
				en,
				Base,
			);
			mainGroup = 3E02B1761C1156AB00258127;
			productRefGroup = 3E02B1801C1156AB00258127 /* Products */;
			projectDirPath = "";
			projectRoot = "";
			targets = (
				3E02B17E1C1156AB00258127 /* MercurialPaint */,
			);
		};
/* End PBXProject section */

/* Begin PBXResourcesBuildPhase section */
		3E02B17D1C1156AB00258127 /* Resources */ = {
			isa = PBXResourcesBuildPhase;
			buildActionMask = 2147483647;
			files = (
				3E02B18D1C1156AB00258127 /* LaunchScreen.storyboard in Resources */,
				3E02B18A1C1156AB00258127 /* Assets.xcassets in Resources */,
				3E02B1881C1156AB00258127 /* Main.storyboard in Resources */,
				3E5747F61C14686D0082ABF4 /* screenshot.jpg in Resources */,
			);
			runOnlyForDeploymentPostprocessing = 0;
		};
/* End PBXResourcesBuildPhase section */

/* Begin PBXSourcesBuildPhase section */
		3E02B17B1C1156AB00258127 /* Sources */ = {
			isa = PBXSourcesBuildPhase;
			buildActionMask = 2147483647;
			files = (
				3E02B1961C1156E000258127 /* Shaders.metal in Sources */,
				3EC593C01C12C10A00A23D8A /* ShadingImageEditor.swift in Sources */,
				3E02B1851C1156AB00258127 /* ViewController.swift in Sources */,
				3E02B1831C1156AB00258127 /* AppDelegate.swift in Sources */,
				3E02B1991C11576300258127 /* MercurialPaint.swift in Sources */,
				3EC593C21C12C12100A23D8A /* ItemRenderer.swift in Sources */,
				3EC593C41C12C14500A23D8A /* SupportClasses.swift in Sources */,
			);
			runOnlyForDeploymentPostprocessing = 0;
		};
/* End PBXSourcesBuildPhase section */

/* Begin PBXVariantGroup section */
		3E02B1861C1156AB00258127 /* Main.storyboard */ = {
			isa = PBXVariantGroup;
			children = (
				3E02B1871C1156AB00258127 /* Base */,
			);
			name = Main.storyboard;
			sourceTree = "<group>";
		};
		3E02B18B1C1156AB00258127 /* LaunchScreen.storyboard */ = {
			isa = PBXVariantGroup;
			children = (
				3E02B18C1C1156AB00258127 /* Base */,
			);
			name = LaunchScreen.storyboard;
			sourceTree = "<group>";
		};
/* End PBXVariantGroup section */

/* Begin XCBuildConfiguration section */
		3E02B18F1C1156AB00258127 /* Debug */ = {
			isa = XCBuildConfiguration;
			buildSettings = {
				ALWAYS_SEARCH_USER_PATHS = NO;
				CLANG_CXX_LANGUAGE_STANDARD = "gnu++0x";
				CLANG_CXX_LIBRARY = "libc++";
				CLANG_ENABLE_MODULES = YES;
				CLANG_ENABLE_OBJC_ARC = YES;
				CLANG_WARN_BOOL_CONVERSION = YES;
				CLANG_WARN_CONSTANT_CONVERSION = YES;
				CLANG_WARN_DIRECT_OBJC_ISA_USAGE = YES_ERROR;
				CLANG_WARN_EMPTY_BODY = YES;
				CLANG_WARN_ENUM_CONVERSION = YES;
				CLANG_WARN_INT_CONVERSION = YES;
				CLANG_WARN_OBJC_ROOT_CLASS = YES_ERROR;
				CLANG_WARN_UNREACHABLE_CODE = YES;
				CLANG_WARN__DUPLICATE_METHOD_MATCH = YES;
				"CODE_SIGN_IDENTITY[sdk=iphoneos*]" = "iPhone Developer";
				COPY_PHASE_STRIP = NO;
				DEBUG_INFORMATION_FORMAT = dwarf;
				ENABLE_STRICT_OBJC_MSGSEND = YES;
				ENABLE_TESTABILITY = YES;
				GCC_C_LANGUAGE_STANDARD = gnu99;
				GCC_DYNAMIC_NO_PIC = NO;
				GCC_NO_COMMON_BLOCKS = YES;
				GCC_OPTIMIZATION_LEVEL = 0;
				GCC_PREPROCESSOR_DEFINITIONS = (
					"DEBUG=1",
					"$(inherited)",
				);
				GCC_WARN_64_TO_32_BIT_CONVERSION = YES;
				GCC_WARN_ABOUT_RETURN_TYPE = YES_ERROR;
				GCC_WARN_UNDECLARED_SELECTOR = YES;
				GCC_WARN_UNINITIALIZED_AUTOS = YES_AGGRESSIVE;
				GCC_WARN_UNUSED_FUNCTION = YES;
				GCC_WARN_UNUSED_VARIABLE = YES;
				IPHONEOS_DEPLOYMENT_TARGET = 9.1;
				MTL_ENABLE_DEBUG_INFO = YES;
				ONLY_ACTIVE_ARCH = YES;
				SDKROOT = iphoneos;
				SWIFT_OPTIMIZATION_LEVEL = "-Onone";
				TARGETED_DEVICE_FAMILY = 2;
			};
			name = Debug;
		};
		3E02B1901C1156AB00258127 /* Release */ = {
			isa = XCBuildConfiguration;
			buildSettings = {
				ALWAYS_SEARCH_USER_PATHS = NO;
				CLANG_CXX_LANGUAGE_STANDARD = "gnu++0x";
				CLANG_CXX_LIBRARY = "libc++";
				CLANG_ENABLE_MODULES = YES;
				CLANG_ENABLE_OBJC_ARC = YES;
				CLANG_WARN_BOOL_CONVERSION = YES;
				CLANG_WARN_CONSTANT_CONVERSION = YES;
				CLANG_WARN_DIRECT_OBJC_ISA_USAGE = YES_ERROR;
				CLANG_WARN_EMPTY_BODY = YES;
				CLANG_WARN_ENUM_CONVERSION = YES;
				CLANG_WARN_INT_CONVERSION = YES;
				CLANG_WARN_OBJC_ROOT_CLASS = YES_ERROR;
				CLANG_WARN_UNREACHABLE_CODE = YES;
				CLANG_WARN__DUPLICATE_METHOD_MATCH = YES;
				"CODE_SIGN_IDENTITY[sdk=iphoneos*]" = "iPhone Developer";
				COPY_PHASE_STRIP = NO;
				DEBUG_INFORMATION_FORMAT = "dwarf-with-dsym";
				ENABLE_NS_ASSERTIONS = NO;
				ENABLE_STRICT_OBJC_MSGSEND = YES;
				GCC_C_LANGUAGE_STANDARD = gnu99;
				GCC_NO_COMMON_BLOCKS = YES;
				GCC_WARN_64_TO_32_BIT_CONVERSION = YES;
				GCC_WARN_ABOUT_RETURN_TYPE = YES_ERROR;
				GCC_WARN_UNDECLARED_SELECTOR = YES;
				GCC_WARN_UNINITIALIZED_AUTOS = YES_AGGRESSIVE;
				GCC_WARN_UNUSED_FUNCTION = YES;
				GCC_WARN_UNUSED_VARIABLE = YES;
				IPHONEOS_DEPLOYMENT_TARGET = 9.1;
				MTL_ENABLE_DEBUG_INFO = NO;
				SDKROOT = iphoneos;
				TARGETED_DEVICE_FAMILY = 2;
				VALIDATE_PRODUCT = YES;
			};
			name = Release;
		};
		3E02B1921C1156AB00258127 /* Debug */ = {
			isa = XCBuildConfiguration;
			buildSettings = {
				ASSETCATALOG_COMPILER_APPICON_NAME = AppIcon;
				INFOPLIST_FILE = MercurialPaint/Info.plist;
				LD_RUNPATH_SEARCH_PATHS = "$(inherited) @executable_path/Frameworks";
				PRODUCT_BUNDLE_IDENTIFIER = uk.co.flexmonkey.MercurialPaint;
				PRODUCT_NAME = "$(TARGET_NAME)";
			};
			name = Debug;
		};
		3E02B1931C1156AB00258127 /* Release */ = {
			isa = XCBuildConfiguration;
			buildSettings = {
				ASSETCATALOG_COMPILER_APPICON_NAME = AppIcon;
				INFOPLIST_FILE = MercurialPaint/Info.plist;
				LD_RUNPATH_SEARCH_PATHS = "$(inherited) @executable_path/Frameworks";
				PRODUCT_BUNDLE_IDENTIFIER = uk.co.flexmonkey.MercurialPaint;
				PRODUCT_NAME = "$(TARGET_NAME)";
			};
			name = Release;
		};
/* End XCBuildConfiguration section */

/* Begin XCConfigurationList section */
		3E02B17A1C1156AB00258127 /* Build configuration list for PBXProject "MercurialPaint" */ = {
			isa = XCConfigurationList;
			buildConfigurations = (
				3E02B18F1C1156AB00258127 /* Debug */,
				3E02B1901C1156AB00258127 /* Release */,
			);
			defaultConfigurationIsVisible = 0;
			defaultConfigurationName = Release;
		};
		3E02B1911C1156AB00258127 /* Build configuration list for PBXNativeTarget "MercurialPaint" */ = {
			isa = XCConfigurationList;
			buildConfigurations = (
				3E02B1921C1156AB00258127 /* Debug */,
				3E02B1931C1156AB00258127 /* Release */,
			);
			defaultConfigurationIsVisible = 0;
			defaultConfigurationName = Release;
		};
/* End XCConfigurationList section */
	};
	rootObject = 3E02B1771C1156AB00258127 /* Project object */;
}
